
Microsoft Visual Studio Solution File, Format Version 12.00
# Visual Studio Version 17
VisualStudioVersion = 17.9.34723.18
MinimumVisualStudioVersion = 10.0.40219.1
Project("{FAE04EC0-301F-11D3-BF4B-00C04F79EFBC}") = "KKKDoNetCore.ConsoleApp", "KKKDoNetCore.ConsoleApp\KKKDoNetCore.ConsoleApp.csproj", "{1DB2173B-F3CC-4746-A6C4-FF2CE08B0BB5}"
EndProject
Global
	GlobalSection(SolutionConfigurationPlatforms) = preSolution
		Debug|Any CPU = Debug|Any CPU
		Release|Any CPU = Release|Any CPU
	EndGlobalSection
	GlobalSection(ProjectConfigurationPlatforms) = postSolution
		{1DB2173B-F3CC-4746-A6C4-FF2CE08B0BB5}.Debug|Any CPU.ActiveCfg = Debug|Any CPU
		{1DB2173B-F3CC-4746-A6C4-FF2CE08B0BB5}.Debug|Any CPU.Build.0 = Debug|Any CPU
		{1DB2173B-F3CC-4746-A6C4-FF2CE08B0BB5}.Release|Any CPU.ActiveCfg = Release|Any CPU
		{1DB2173B-F3CC-4746-A6C4-FF2CE08B0BB5}.Release|Any CPU.Build.0 = Release|Any CPU
	EndGlobalSection
	GlobalSection(SolutionProperties) = preSolution
		HideSolutionNode = FALSE
	EndGlobalSection
	GlobalSection(ExtensibilityGlobals) = postSolution
		SolutionGuid = {619F8FA9-2A18-449F-8627-437473787CEA}
	EndGlobalSection
EndGlobal
